// !$*UTF8*$!
{
	archiveVersion = 1;
	classes = {
	};
	objectVersion = 50;
	objects = {

/* Begin PBXBuildFile section */
		79E163BB289694520052ADA9 /* AppDelegate.swift in Sources */ = {isa = PBXBuildFile; fileRef = 79E163BA289694520052ADA9 /* AppDelegate.swift */; };
		79E163BD289694520052ADA9 /* SceneDelegate.swift in Sources */ = {isa = PBXBuildFile; fileRef = 79E163BC289694520052ADA9 /* SceneDelegate.swift */; };
		79E163BF289694520052ADA9 /* TodoItemViewController.swift in Sources */ = {isa = PBXBuildFile; fileRef = 79E163BE289694520052ADA9 /* TodoItemViewController.swift */; };
		79E163C2289694520052ADA9 /* Main.storyboard in Resources */ = {isa = PBXBuildFile; fileRef = 79E163C0289694520052ADA9 /* Main.storyboard */; };
		79E163C4289694540052ADA9 /* Assets.xcassets in Resources */ = {isa = PBXBuildFile; fileRef = 79E163C3289694540052ADA9 /* Assets.xcassets */; };
		79E163C7289694540052ADA9 /* LaunchScreen.storyboard in Resources */ = {isa = PBXBuildFile; fileRef = 79E163C5289694540052ADA9 /* LaunchScreen.storyboard */; };
		79E163DE2896966F0052ADA9 /* TodoItem.swift in Sources */ = {isa = PBXBuildFile; fileRef = 79E163DD2896966F0052ADA9 /* TodoItem.swift */; };
		79E163E0289697CD0052ADA9 /* TodoItem+JSON.swift in Sources */ = {isa = PBXBuildFile; fileRef = 79E163DF289697CD0052ADA9 /* TodoItem+JSON.swift */; };
		79E163E328969A050052ADA9 /* FileCache.swift in Sources */ = {isa = PBXBuildFile; fileRef = 79E163E228969A050052ADA9 /* FileCache.swift */; };
		79E163E62896B5970052ADA9 /* TodoItemScrollView.swift in Sources */ = {isa = PBXBuildFile; fileRef = 79E163E52896B5970052ADA9 /* TodoItemScrollView.swift */; };
		79E163EA2896BD250052ADA9 /* TodoItemScrollViewModel.swift in Sources */ = {isa = PBXBuildFile; fileRef = 79E163E92896BD250052ADA9 /* TodoItemScrollViewModel.swift */; };
		79E163EC28970A1B0052ADA9 /* TodoItemTests.swift in Sources */ = {isa = PBXBuildFile; fileRef = 79E163EB28970A1B0052ADA9 /* TodoItemTests.swift */; };
/* End PBXBuildFile section */

/* Begin PBXContainerItemProxy section */
		79E163CE289694540052ADA9 /* PBXContainerItemProxy */ = {
			isa = PBXContainerItemProxy;
			containerPortal = 79E163AF289694520052ADA9 /* Project object */;
			proxyType = 1;
			remoteGlobalIDString = 79E163B6289694520052ADA9;
			remoteInfo = TodoList;
		};
/* End PBXContainerItemProxy section */

/* Begin PBXFileReference section */
		79E163B7289694520052ADA9 /* TodoList.app */ = {isa = PBXFileReference; explicitFileType = wrapper.application; includeInIndex = 0; path = TodoList.app; sourceTree = BUILT_PRODUCTS_DIR; };
		79E163BA289694520052ADA9 /* AppDelegate.swift */ = {isa = PBXFileReference; lastKnownFileType = sourcecode.swift; path = AppDelegate.swift; sourceTree = "<group>"; };
		79E163BC289694520052ADA9 /* SceneDelegate.swift */ = {isa = PBXFileReference; lastKnownFileType = sourcecode.swift; path = SceneDelegate.swift; sourceTree = "<group>"; };
		79E163BE289694520052ADA9 /* TodoItemViewController.swift */ = {isa = PBXFileReference; lastKnownFileType = sourcecode.swift; path = TodoItemViewController.swift; sourceTree = "<group>"; };
		79E163C1289694520052ADA9 /* Base */ = {isa = PBXFileReference; lastKnownFileType = file.storyboard; name = Base; path = Base.lproj/Main.storyboard; sourceTree = "<group>"; };
		79E163C3289694540052ADA9 /* Assets.xcassets */ = {isa = PBXFileReference; lastKnownFileType = folder.assetcatalog; path = Assets.xcassets; sourceTree = "<group>"; };
		79E163C6289694540052ADA9 /* Base */ = {isa = PBXFileReference; lastKnownFileType = file.storyboard; name = Base; path = Base.lproj/LaunchScreen.storyboard; sourceTree = "<group>"; };
		79E163C8289694540052ADA9 /* Info.plist */ = {isa = PBXFileReference; lastKnownFileType = text.plist.xml; path = Info.plist; sourceTree = "<group>"; };
		79E163CD289694540052ADA9 /* TodoListTests.xctest */ = {isa = PBXFileReference; explicitFileType = wrapper.cfbundle; includeInIndex = 0; path = TodoListTests.xctest; sourceTree = BUILT_PRODUCTS_DIR; };
		79E163D3289694540052ADA9 /* Info.plist */ = {isa = PBXFileReference; lastKnownFileType = text.plist.xml; path = Info.plist; sourceTree = "<group>"; };
		79E163DD2896966F0052ADA9 /* TodoItem.swift */ = {isa = PBXFileReference; lastKnownFileType = sourcecode.swift; path = TodoItem.swift; sourceTree = "<group>"; };
		79E163DF289697CD0052ADA9 /* TodoItem+JSON.swift */ = {isa = PBXFileReference; lastKnownFileType = sourcecode.swift; path = "TodoItem+JSON.swift"; sourceTree = "<group>"; };
		79E163E228969A050052ADA9 /* FileCache.swift */ = {isa = PBXFileReference; lastKnownFileType = sourcecode.swift; path = FileCache.swift; sourceTree = "<group>"; };
		79E163E52896B5970052ADA9 /* TodoItemScrollView.swift */ = {isa = PBXFileReference; lastKnownFileType = sourcecode.swift; path = TodoItemScrollView.swift; sourceTree = "<group>"; };
		79E163E92896BD250052ADA9 /* TodoItemScrollViewModel.swift */ = {isa = PBXFileReference; lastKnownFileType = sourcecode.swift; path = TodoItemScrollViewModel.swift; sourceTree = "<group>"; };
		79E163EB28970A1B0052ADA9 /* TodoItemTests.swift */ = {isa = PBXFileReference; fileEncoding = 4; lastKnownFileType = sourcecode.swift; path = TodoItemTests.swift; sourceTree = "<group>"; };
/* End PBXFileReference section */

/* Begin PBXFrameworksBuildPhase section */
		79E163B4289694520052ADA9 /* Frameworks */ = {
			isa = PBXFrameworksBuildPhase;
			buildActionMask = 2147483647;
			files = (
			);
			runOnlyForDeploymentPostprocessing = 0;
		};
		79E163CA289694540052ADA9 /* Frameworks */ = {
			isa = PBXFrameworksBuildPhase;
			buildActionMask = 2147483647;
			files = (
			);
			runOnlyForDeploymentPostprocessing = 0;
		};
/* End PBXFrameworksBuildPhase section */

/* Begin PBXGroup section */
		79E163AE289694520052ADA9 = {
			isa = PBXGroup;
			children = (
				79E163B9289694520052ADA9 /* TodoList */,
				79E163D0289694540052ADA9 /* TodoListTests */,
				79E163B8289694520052ADA9 /* Products */,
			);
			sourceTree = "<group>";
		};
		79E163B8289694520052ADA9 /* Products */ = {
			isa = PBXGroup;
			children = (
				79E163B7289694520052ADA9 /* TodoList.app */,
				79E163CD289694540052ADA9 /* TodoListTests.xctest */,
			);
			name = Products;
			sourceTree = "<group>";
		};
		79E163B9289694520052ADA9 /* TodoList */ = {
			isa = PBXGroup;
			children = (
				79E163E1289699EC0052ADA9 /* Manager */,
				79E163DC2896963E0052ADA9 /* Models */,
				79E163BA289694520052ADA9 /* AppDelegate.swift */,
				79E163BC289694520052ADA9 /* SceneDelegate.swift */,
				79E163BE289694520052ADA9 /* TodoItemViewController.swift */,
				79E163E82896BCCE0052ADA9 /* ViewModel */,
				79E163E42896B5790052ADA9 /* View */,
				79E163C0289694520052ADA9 /* Main.storyboard */,
				79E163C3289694540052ADA9 /* Assets.xcassets */,
				79E163C5289694540052ADA9 /* LaunchScreen.storyboard */,
				79E163C8289694540052ADA9 /* Info.plist */,
			);
			path = TodoList;
			sourceTree = "<group>";
		};
		79E163D0289694540052ADA9 /* TodoListTests */ = {
			isa = PBXGroup;
			children = (
				79E163EB28970A1B0052ADA9 /* TodoItemTests.swift */,
				79E163D3289694540052ADA9 /* Info.plist */,
			);
			path = TodoListTests;
			sourceTree = "<group>";
		};
		79E163DC2896963E0052ADA9 /* Models */ = {
			isa = PBXGroup;
			children = (
				79E163DD2896966F0052ADA9 /* TodoItem.swift */,
				79E163DF289697CD0052ADA9 /* TodoItem+JSON.swift */,
			);
			path = Models;
			sourceTree = "<group>";
		};
		79E163E1289699EC0052ADA9 /* Manager */ = {
			isa = PBXGroup;
			children = (
				79E163E228969A050052ADA9 /* FileCache.swift */,
			);
			path = Manager;
			sourceTree = "<group>";
		};
		79E163E42896B5790052ADA9 /* View */ = {
			isa = PBXGroup;
			children = (
				79E163E52896B5970052ADA9 /* TodoItemScrollView.swift */,
			);
			path = View;
			sourceTree = "<group>";
		};
		79E163E82896BCCE0052ADA9 /* ViewModel */ = {
			isa = PBXGroup;
			children = (
				79E163E92896BD250052ADA9 /* TodoItemScrollViewModel.swift */,
			);
			path = ViewModel;
			sourceTree = "<group>";
		};
/* End PBXGroup section */

/* Begin PBXNativeTarget section */
		79E163B6289694520052ADA9 /* TodoList */ = {
			isa = PBXNativeTarget;
			buildConfigurationList = 79E163D6289694540052ADA9 /* Build configuration list for PBXNativeTarget "TodoList" */;
			buildPhases = (
				79E163B3289694520052ADA9 /* Sources */,
				79E163B4289694520052ADA9 /* Frameworks */,
				79E163B5289694520052ADA9 /* Resources */,
			);
			buildRules = (
			);
			dependencies = (
			);
			name = TodoList;
			productName = TodoList;
			productReference = 79E163B7289694520052ADA9 /* TodoList.app */;
			productType = "com.apple.product-type.application";
		};
		79E163CC289694540052ADA9 /* TodoListTests */ = {
			isa = PBXNativeTarget;
			buildConfigurationList = 79E163D9289694540052ADA9 /* Build configuration list for PBXNativeTarget "TodoListTests" */;
			buildPhases = (
				79E163C9289694540052ADA9 /* Sources */,
				79E163CA289694540052ADA9 /* Frameworks */,
				79E163CB289694540052ADA9 /* Resources */,
			);
			buildRules = (
			);
			dependencies = (
				79E163CF289694540052ADA9 /* PBXTargetDependency */,
			);
			name = TodoListTests;
			productName = TodoListTests;
			productReference = 79E163CD289694540052ADA9 /* TodoListTests.xctest */;
			productType = "com.apple.product-type.bundle.unit-test";
		};
/* End PBXNativeTarget section */

/* Begin PBXProject section */
		79E163AF289694520052ADA9 /* Project object */ = {
			isa = PBXProject;
			attributes = {
				LastSwiftUpdateCheck = 1130;
				LastUpgradeCheck = 1130;
				ORGANIZATIONNAME = "Olga Zorina";
				TargetAttributes = {
					79E163B6289694520052ADA9 = {
						CreatedOnToolsVersion = 11.3.1;
					};
					79E163CC289694540052ADA9 = {
						CreatedOnToolsVersion = 11.3.1;
						TestTargetID = 79E163B6289694520052ADA9;
					};
				};
			};
			buildConfigurationList = 79E163B2289694520052ADA9 /* Build configuration list for PBXProject "TodoList" */;
			compatibilityVersion = "Xcode 9.3";
			developmentRegion = en;
			hasScannedForEncodings = 0;
			knownRegions = (
				en,
				Base,
			);
			mainGroup = 79E163AE289694520052ADA9;
			productRefGroup = 79E163B8289694520052ADA9 /* Products */;
			projectDirPath = "";
			projectRoot = "";
			targets = (
				79E163B6289694520052ADA9 /* TodoList */,
				79E163CC289694540052ADA9 /* TodoListTests */,
			);
		};
/* End PBXProject section */

/* Begin PBXResourcesBuildPhase section */
		79E163B5289694520052ADA9 /* Resources */ = {
			isa = PBXResourcesBuildPhase;
			buildActionMask = 2147483647;
			files = (
				79E163C7289694540052ADA9 /* LaunchScreen.storyboard in Resources */,
				79E163C4289694540052ADA9 /* Assets.xcassets in Resources */,
				79E163C2289694520052ADA9 /* Main.storyboard in Resources */,
			);
			runOnlyForDeploymentPostprocessing = 0;
		};
		79E163CB289694540052ADA9 /* Resources */ = {
			isa = PBXResourcesBuildPhase;
			buildActionMask = 2147483647;
			files = (
			);
			runOnlyForDeploymentPostprocessing = 0;
		};
/* End PBXResourcesBuildPhase section */

/* Begin PBXSourcesBuildPhase section */
		79E163B3289694520052ADA9 /* Sources */ = {
			isa = PBXSourcesBuildPhase;
			buildActionMask = 2147483647;
			files = (
				79E163EA2896BD250052ADA9 /* TodoItemScrollViewModel.swift in Sources */,
				79E163BF289694520052ADA9 /* TodoItemViewController.swift in Sources */,
				79E163E0289697CD0052ADA9 /* TodoItem+JSON.swift in Sources */,
				79E163BB289694520052ADA9 /* AppDelegate.swift in Sources */,
				79E163DE2896966F0052ADA9 /* TodoItem.swift in Sources */,
				79E163E328969A050052ADA9 /* FileCache.swift in Sources */,
				79E163E62896B5970052ADA9 /* TodoItemScrollView.swift in Sources */,
				79E163BD289694520052ADA9 /* SceneDelegate.swift in Sources */,
			);
			runOnlyForDeploymentPostprocessing = 0;
		};
		79E163C9289694540052ADA9 /* Sources */ = {
			isa = PBXSourcesBuildPhase;
			buildActionMask = 2147483647;
			files = (
				79E163EC28970A1B0052ADA9 /* TodoItemTests.swift in Sources */,
			);
			runOnlyForDeploymentPostprocessing = 0;
		};
/* End PBXSourcesBuildPhase section */

/* Begin PBXTargetDependency section */
		79E163CF289694540052ADA9 /* PBXTargetDependency */ = {
			isa = PBXTargetDependency;
			target = 79E163B6289694520052ADA9 /* TodoList */;
			targetProxy = 79E163CE289694540052ADA9 /* PBXContainerItemProxy */;
		};
/* End PBXTargetDependency section */

/* Begin PBXVariantGroup section */
		79E163C0289694520052ADA9 /* Main.storyboard */ = {
			isa = PBXVariantGroup;
			children = (
				79E163C1289694520052ADA9 /* Base */,
			);
			name = Main.storyboard;
			sourceTree = "<group>";
		};
		79E163C5289694540052ADA9 /* LaunchScreen.storyboard */ = {
			isa = PBXVariantGroup;
			children = (
				79E163C6289694540052ADA9 /* Base */,
			);
			name = LaunchScreen.storyboard;
			sourceTree = "<group>";
		};
/* End PBXVariantGroup section */

/* Begin XCBuildConfiguration section */
		79E163D4289694540052ADA9 /* Debug */ = {
			isa = XCBuildConfiguration;
			buildSettings = {
				ALWAYS_SEARCH_USER_PATHS = NO;
				CLANG_ANALYZER_NONNULL = YES;
				CLANG_ANALYZER_NUMBER_OBJECT_CONVERSION = YES_AGGRESSIVE;
				CLANG_CXX_LANGUAGE_STANDARD = "gnu++14";
				CLANG_CXX_LIBRARY = "libc++";
				CLANG_ENABLE_MODULES = YES;
				CLANG_ENABLE_OBJC_ARC = YES;
				CLANG_ENABLE_OBJC_WEAK = YES;
				CLANG_WARN_BLOCK_CAPTURE_AUTORELEASING = YES;
				CLANG_WARN_BOOL_CONVERSION = YES;
				CLANG_WARN_COMMA = YES;
				CLANG_WARN_CONSTANT_CONVERSION = YES;
				CLANG_WARN_DEPRECATED_OBJC_IMPLEMENTATIONS = YES;
				CLANG_WARN_DIRECT_OBJC_ISA_USAGE = YES_ERROR;
				CLANG_WARN_DOCUMENTATION_COMMENTS = YES;
				CLANG_WARN_EMPTY_BODY = YES;
				CLANG_WARN_ENUM_CONVERSION = YES;
				CLANG_WARN_INFINITE_RECURSION = YES;
				CLANG_WARN_INT_CONVERSION = YES;
				CLANG_WARN_NON_LITERAL_NULL_CONVERSION = YES;
				CLANG_WARN_OBJC_IMPLICIT_RETAIN_SELF = YES;
				CLANG_WARN_OBJC_LITERAL_CONVERSION = YES;
				CLANG_WARN_OBJC_ROOT_CLASS = YES_ERROR;
				CLANG_WARN_RANGE_LOOP_ANALYSIS = YES;
				CLANG_WARN_STRICT_PROTOTYPES = YES;
				CLANG_WARN_SUSPICIOUS_MOVE = YES;
				CLANG_WARN_UNGUARDED_AVAILABILITY = YES_AGGRESSIVE;
				CLANG_WARN_UNREACHABLE_CODE = YES;
				CLANG_WARN__DUPLICATE_METHOD_MATCH = YES;
				COPY_PHASE_STRIP = NO;
				DEBUG_INFORMATION_FORMAT = dwarf;
				ENABLE_STRICT_OBJC_MSGSEND = YES;
				ENABLE_TESTABILITY = YES;
				GCC_C_LANGUAGE_STANDARD = gnu11;
				GCC_DYNAMIC_NO_PIC = NO;
				GCC_NO_COMMON_BLOCKS = YES;
				GCC_OPTIMIZATION_LEVEL = 0;
				GCC_PREPROCESSOR_DEFINITIONS = (
					"DEBUG=1",
					"$(inherited)",
				);
				GCC_WARN_64_TO_32_BIT_CONVERSION = YES;
				GCC_WARN_ABOUT_RETURN_TYPE = YES_ERROR;
				GCC_WARN_UNDECLARED_SELECTOR = YES;
				GCC_WARN_UNINITIALIZED_AUTOS = YES_AGGRESSIVE;
				GCC_WARN_UNUSED_FUNCTION = YES;
				GCC_WARN_UNUSED_VARIABLE = YES;
				IPHONEOS_DEPLOYMENT_TARGET = 13.2;
				MTL_ENABLE_DEBUG_INFO = INCLUDE_SOURCE;
				MTL_FAST_MATH = YES;
				ONLY_ACTIVE_ARCH = YES;
				SDKROOT = iphoneos;
				SWIFT_ACTIVE_COMPILATION_CONDITIONS = DEBUG;
				SWIFT_OPTIMIZATION_LEVEL = "-Onone";
			};
			name = Debug;
		};
		79E163D5289694540052ADA9 /* Release */ = {
			isa = XCBuildConfiguration;
			buildSettings = {
				ALWAYS_SEARCH_USER_PATHS = NO;
				CLANG_ANALYZER_NONNULL = YES;
				CLANG_ANALYZER_NUMBER_OBJECT_CONVERSION = YES_AGGRESSIVE;
				CLANG_CXX_LANGUAGE_STANDARD = "gnu++14";
				CLANG_CXX_LIBRARY = "libc++";
				CLANG_ENABLE_MODULES = YES;
				CLANG_ENABLE_OBJC_ARC = YES;
				CLANG_ENABLE_OBJC_WEAK = YES;
				CLANG_WARN_BLOCK_CAPTURE_AUTORELEASING = YES;
				CLANG_WARN_BOOL_CONVERSION = YES;
				CLANG_WARN_COMMA = YES;
				CLANG_WARN_CONSTANT_CONVERSION = YES;
				CLANG_WARN_DEPRECATED_OBJC_IMPLEMENTATIONS = YES;
				CLANG_WARN_DIRECT_OBJC_ISA_USAGE = YES_ERROR;
				CLANG_WARN_DOCUMENTATION_COMMENTS = YES;
				CLANG_WARN_EMPTY_BODY = YES;
				CLANG_WARN_ENUM_CONVERSION = YES;
				CLANG_WARN_INFINITE_RECURSION = YES;
				CLANG_WARN_INT_CONVERSION = YES;
				CLANG_WARN_NON_LITERAL_NULL_CONVERSION = YES;
				CLANG_WARN_OBJC_IMPLICIT_RETAIN_SELF = YES;
				CLANG_WARN_OBJC_LITERAL_CONVERSION = YES;
				CLANG_WARN_OBJC_ROOT_CLASS = YES_ERROR;
				CLANG_WARN_RANGE_LOOP_ANALYSIS = YES;
				CLANG_WARN_STRICT_PROTOTYPES = YES;
				CLANG_WARN_SUSPICIOUS_MOVE = YES;
				CLANG_WARN_UNGUARDED_AVAILABILITY = YES_AGGRESSIVE;
				CLANG_WARN_UNREACHABLE_CODE = YES;
				CLANG_WARN__DUPLICATE_METHOD_MATCH = YES;
				COPY_PHASE_STRIP = NO;
				DEBUG_INFORMATION_FORMAT = "dwarf-with-dsym";
				ENABLE_NS_ASSERTIONS = NO;
				ENABLE_STRICT_OBJC_MSGSEND = YES;
				GCC_C_LANGUAGE_STANDARD = gnu11;
				GCC_NO_COMMON_BLOCKS = YES;
				GCC_WARN_64_TO_32_BIT_CONVERSION = YES;
				GCC_WARN_ABOUT_RETURN_TYPE = YES_ERROR;
				GCC_WARN_UNDECLARED_SELECTOR = YES;
				GCC_WARN_UNINITIALIZED_AUTOS = YES_AGGRESSIVE;
				GCC_WARN_UNUSED_FUNCTION = YES;
				GCC_WARN_UNUSED_VARIABLE = YES;
				IPHONEOS_DEPLOYMENT_TARGET = 13.2;
				MTL_ENABLE_DEBUG_INFO = NO;
				MTL_FAST_MATH = YES;
				SDKROOT = iphoneos;
				SWIFT_COMPILATION_MODE = wholemodule;
				SWIFT_OPTIMIZATION_LEVEL = "-O";
				VALIDATE_PRODUCT = YES;
			};
			name = Release;
		};
		79E163D7289694540052ADA9 /* Debug */ = {
			isa = XCBuildConfiguration;
			buildSettings = {
				ASSETCATALOG_COMPILER_APPICON_NAME = AppIcon;
				CODE_SIGN_STYLE = Automatic;
				INFOPLIST_FILE = TodoList/Info.plist;
				LD_RUNPATH_SEARCH_PATHS = (
					"$(inherited)",
					"@executable_path/Frameworks",
				);
				PRODUCT_BUNDLE_IDENTIFIER = name.zorina.TodoList;
				PRODUCT_NAME = "$(TARGET_NAME)";
				SWIFT_VERSION = 5.0;
				TARGETED_DEVICE_FAMILY = 1;
			};
			name = Debug;
		};
		79E163D8289694540052ADA9 /* Release */ = {
			isa = XCBuildConfiguration;
			buildSettings = {
				ASSETCATALOG_COMPILER_APPICON_NAME = AppIcon;
				CODE_SIGN_STYLE = Automatic;
				INFOPLIST_FILE = TodoList/Info.plist;
				LD_RUNPATH_SEARCH_PATHS = (
					"$(inherited)",
					"@executable_path/Frameworks",
				);
				PRODUCT_BUNDLE_IDENTIFIER = name.zorina.TodoList;
				PRODUCT_NAME = "$(TARGET_NAME)";
				SWIFT_VERSION = 5.0;
				TARGETED_DEVICE_FAMILY = 1;
			};
			name = Release;
		};
		79E163DA289694540052ADA9 /* Debug */ = {
			isa = XCBuildConfiguration;
			buildSettings = {
				ALWAYS_EMBED_SWIFT_STANDARD_LIBRARIES = YES;
				BUNDLE_LOADER = "$(TEST_HOST)";
				CODE_SIGN_STYLE = Automatic;
				INFOPLIST_FILE = TodoListTests/Info.plist;
				IPHONEOS_DEPLOYMENT_TARGET = 13.2;
				LD_RUNPATH_SEARCH_PATHS = (
					"$(inherited)",
					"@executable_path/Frameworks",
					"@loader_path/Frameworks",
				);
				PRODUCT_BUNDLE_IDENTIFIER = name.zorina.TodoListTests;
				PRODUCT_NAME = "$(TARGET_NAME)";
				SWIFT_VERSION = 5.0;
				TARGETED_DEVICE_FAMILY = "1,2";
				TEST_HOST = "$(BUILT_PRODUCTS_DIR)/TodoList.app/TodoList";
			};
			name = Debug;
		};
		79E163DB289694540052ADA9 /* Release */ = {
			isa = XCBuildConfiguration;
			buildSettings = {
				ALWAYS_EMBED_SWIFT_STANDARD_LIBRARIES = YES;
				BUNDLE_LOADER = "$(TEST_HOST)";
				CODE_SIGN_STYLE = Automatic;
				INFOPLIST_FILE = TodoListTests/Info.plist;
				IPHONEOS_DEPLOYMENT_TARGET = 13.2;
				LD_RUNPATH_SEARCH_PATHS = (
					"$(inherited)",
					"@executable_path/Frameworks",
					"@loader_path/Frameworks",
				);
				PRODUCT_BUNDLE_IDENTIFIER = name.zorina.TodoListTests;
				PRODUCT_NAME = "$(TARGET_NAME)";
				SWIFT_VERSION = 5.0;
				TARGETED_DEVICE_FAMILY = "1,2";
				TEST_HOST = "$(BUILT_PRODUCTS_DIR)/TodoList.app/TodoList";
			};
			name = Release;
		};
/* End XCBuildConfiguration section */

/* Begin XCConfigurationList section */
		79E163B2289694520052ADA9 /* Build configuration list for PBXProject "TodoList" */ = {
			isa = XCConfigurationList;
			buildConfigurations = (
				79E163D4289694540052ADA9 /* Debug */,
				79E163D5289694540052ADA9 /* Release */,
			);
			defaultConfigurationIsVisible = 0;
			defaultConfigurationName = Release;
		};
		79E163D6289694540052ADA9 /* Build configuration list for PBXNativeTarget "TodoList" */ = {
			isa = XCConfigurationList;
			buildConfigurations = (
				79E163D7289694540052ADA9 /* Debug */,
				79E163D8289694540052ADA9 /* Release */,
			);
			defaultConfigurationIsVisible = 0;
			defaultConfigurationName = Release;
		};
		79E163D9289694540052ADA9 /* Build configuration list for PBXNativeTarget "TodoListTests" */ = {
			isa = XCConfigurationList;
			buildConfigurations = (
				79E163DA289694540052ADA9 /* Debug */,
				79E163DB289694540052ADA9 /* Release */,
			);
			defaultConfigurationIsVisible = 0;
			defaultConfigurationName = Release;
		};
/* End XCConfigurationList section */
	};
	rootObject = 79E163AF289694520052ADA9 /* Project object */;
}
